
Microsoft Visual Studio Solution File, Format Version 12.00
# Visual Studio Version 17
VisualStudioVersion = 17.8.34408.163
MinimumVisualStudioVersion = 10.0.40219.1
Project("{9A19103F-16F7-4668-BE54-9A1E7A4F7556}") = "ConnectBot", "ConnectBot\ConnectBot.csproj", "{4BF8F1E6-040D-4124-8D3D-3A43D58C48FA}"
EndProject
Project("{FAE04EC0-301F-11D3-BF4B-00C04F79EFBC}") = "ConnectBot.Domain", "ConnectBot.Domain\ConnectBot.Domain.csproj", "{0725CF01-D28F-4FD9-92D1-C592407EC78A}"
EndProject
Project("{FAE04EC0-301F-11D3-BF4B-00C04F79EFBC}") = "ConnectBot.Infrastructure", "ConnectBot.Infrastructure\ConnectBot.Infrastructure.csproj", "{21079DC1-876C-4929-8572-88D8A59A358F}"
EndProject
Project("{FAE04EC0-301F-11D3-BF4B-00C04F79EFBC}") = "ConnectBot.Application", "ConnectBot.Application\ConnectBot.Application.csproj", "{3B7CDBBD-D4A0-4BD8-ABEA-35FFA6F34BA8}"
EndProject
Global
	GlobalSection(SolutionConfigurationPlatforms) = preSolution
		Debug|Any CPU = Debug|Any CPU
		Release|Any CPU = Release|Any CPU
	EndGlobalSection
	GlobalSection(ProjectConfigurationPlatforms) = postSolution
		{4BF8F1E6-040D-4124-8D3D-3A43D58C48FA}.Debug|Any CPU.ActiveCfg = Debug|Any CPU
		{4BF8F1E6-040D-4124-8D3D-3A43D58C48FA}.Debug|Any CPU.Build.0 = Debug|Any CPU
		{4BF8F1E6-040D-4124-8D3D-3A43D58C48FA}.Release|Any CPU.ActiveCfg = Release|Any CPU
		{4BF8F1E6-040D-4124-8D3D-3A43D58C48FA}.Release|Any CPU.Build.0 = Release|Any CPU
		{0725CF01-D28F-4FD9-92D1-C592407EC78A}.Debug|Any CPU.ActiveCfg = Debug|Any CPU
		{0725CF01-D28F-4FD9-92D1-C592407EC78A}.Debug|Any CPU.Build.0 = Debug|Any CPU
		{0725CF01-D28F-4FD9-92D1-C592407EC78A}.Release|Any CPU.ActiveCfg = Release|Any CPU
		{0725CF01-D28F-4FD9-92D1-C592407EC78A}.Release|Any CPU.Build.0 = Release|Any CPU
		{21079DC1-876C-4929-8572-88D8A59A358F}.Debug|Any CPU.ActiveCfg = Debug|Any CPU
		{21079DC1-876C-4929-8572-88D8A59A358F}.Debug|Any CPU.Build.0 = Debug|Any CPU
		{21079DC1-876C-4929-8572-88D8A59A358F}.Release|Any CPU.ActiveCfg = Release|Any CPU
		{21079DC1-876C-4929-8572-88D8A59A358F}.Release|Any CPU.Build.0 = Release|Any CPU
		{3B7CDBBD-D4A0-4BD8-ABEA-35FFA6F34BA8}.Debug|Any CPU.ActiveCfg = Debug|Any CPU
		{3B7CDBBD-D4A0-4BD8-ABEA-35FFA6F34BA8}.Debug|Any CPU.Build.0 = Debug|Any CPU
		{3B7CDBBD-D4A0-4BD8-ABEA-35FFA6F34BA8}.Release|Any CPU.ActiveCfg = Release|Any CPU
		{3B7CDBBD-D4A0-4BD8-ABEA-35FFA6F34BA8}.Release|Any CPU.Build.0 = Release|Any CPU
	EndGlobalSection
	GlobalSection(SolutionProperties) = preSolution
		HideSolutionNode = FALSE
	EndGlobalSection
	GlobalSection(ExtensibilityGlobals) = postSolution
		SolutionGuid = {26096C38-ACCD-4E0D-AEF8-E828D278FFBA}
	EndGlobalSection
EndGlobal
